# @generated - this file is auto-generated by `mise lock` https://mise.jdx.dev/dev-tools/mise-lock.html

lockfile_version = 1

[[tools.black]]
version = "26.5.1"
backend = "aqua:psf/black"
specifiers = ["latest"]

[tools.black."platforms.linux-arm64"]
checksum = "sha256:f86f36b37a00aff3d547eb61d017880aab413990bca5fb0632ed83e3497684f9"
url = "https://github.com/psf/black/releases/download/26.5.1/black_linux-arm"
url_api = "https://api.github.com/repos/psf/black/releases/assets/423459394"

[tools.black."platforms.linux-arm64-musl"]
checksum = "sha256:f86f36b37a00aff3d547eb61d017880aab413990bca5fb0632ed83e3497684f9"
url = "https://github.com/psf/black/releases/download/26.5.1/black_linux-arm"
url_api = "https://api.github.com/repos/psf/black/releases/assets/423459394"

[tools.black."platforms.linux-x64"]
checksum = "sha256:384e4b901a9824369c6d94d8f5f52ed0dea347334d4fa2e01fc0177e19126483"
url = "https://github.com/psf/black/releases/download/26.5.1/black_linux"
url_api = "https://api.github.com/repos/psf/black/releases/assets/423459408"

[tools.black."platforms.linux-x64-musl"]
checksum = "sha256:384e4b901a9824369c6d94d8f5f52ed0dea347334d4fa2e01fc0177e19126483"
url = "https://github.com/psf/black/releases/download/26.5.1/black_linux"
url_api = "https://api.github.com/repos/psf/black/releases/assets/423459408"

[tools.black."platforms.macos-arm64"]
checksum = "sha256:43e7b13344bd04db205d3c2655fbf47fbca552188bbecae0175a7611f83d1e08"
url = "https://github.com/psf/black/releases/download/26.5.1/black_macos"
url_api = "https://api.github.com/repos/psf/black/releases/assets/423459307"

[tools.black."platforms.macos-x64"]
checksum = "sha256:43e7b13344bd04db205d3c2655fbf47fbca552188bbecae0175a7611f83d1e08"
url = "https://github.com/psf/black/releases/download/26.5.1/black_macos"
url_api = "https://api.github.com/repos/psf/black/releases/assets/423459307"

[tools.black."platforms.windows-x64"]
checksum = "sha256:d3d971d1e86ddde7f9c114e4b8170cf1d5df841c021014c288a08caf699e1dd8"
url = "https://github.com/psf/black/releases/download/26.5.1/black_windows.exe"
url_api = "https://api.github.com/repos/psf/black/releases/assets/423459759"
